
Microsoft Visual Studio Solution File, Format Version 12.00
# Visual Studio 2012
Project("{FAE04EC0-301F-11D3-BF4B-00C04F79EFBC}") = "YouAreTheVillain", "YouAreTheVillain\YouAreTheVillain\YouAreTheVillain.csproj", "{E2B3F570-B531-41A0-A1C5-C1AFB1E9D12A}"
EndProject
Project("{96E2B04D-8817-42C6-938A-82C39BA4D311}") = "YouAreTheVillainContent", "YouAreTheVillainContent\YouAreTheVillainContent.contentproj", "{208C82E7-20CB-4FDA-B8E5-B76459D3F996}"
EndProject
Project("{2150E333-8FDC-42A3-9474-1A3956D46DE8}") = "TiledLib", "TiledLib", "{5A8597CF-B7F2-4CD3-A685-2389C88B3A05}"
EndProject
Project("{FAE04EC0-301F-11D3-BF4B-00C04F79EFBC}") = "TiledLib", "TiledLib\TiledLib.csproj", "{09FA048F-F6A1-4611-8765-6FD6A9792136}"
EndProject
Project("{FAE04EC0-301F-11D3-BF4B-00C04F79EFBC}") = "TiledContentPipeline", "TiledContentPipeline\TiledContentPipeline.csproj", "{73AE0F55-4559-4F4A-9D84-819B63951AB3}"
EndProject
Project("{FAE04EC0-301F-11D3-BF4B-00C04F79EFBC}") = "TiledLib.MonoWindows", "TiledLib.MonoWindows\TiledLib.MonoWindows.csproj", "{F311C413-E175-485E-8A93-799AB971CA09}"
EndProject
Project("{FAE04EC0-301F-11D3-BF4B-00C04F79EFBC}") = "YouAreTheVillain.MonoWindows", "YouAreTheVillain.MonoWindows\YouAreTheVillain.MonoWindows.csproj", "{8F84E829-0A88-4758-9C0D-FAABD6415968}"
EndProject
Project("{FAE04EC0-301F-11D3-BF4B-00C04F79EFBC}") = "YouAreTheVillain.MonoWindows8", "YouAreTheVillain.MonoWindows8\YouAreTheVillain.MonoWindows8.csproj", "{3F3D20EF-64E2-42C1-B825-F5C21A1F5112}"
EndProject
Project("{FAE04EC0-301F-11D3-BF4B-00C04F79EFBC}") = "TiledLib.MonoWindows8", "TiledLib.MonoWindows8\TiledLib.MonoWindows8.csproj", "{44FAB0AC-73C8-459D-AAF8-2257C4BAF5F4}"
EndProject
Global
	GlobalSection(SolutionConfigurationPlatforms) = preSolution
		Debug|Any CPU = Debug|Any CPU
		Debug|ARM = Debug|ARM
		Debug|Mixed Platforms = Debug|Mixed Platforms
		Debug|Windows Phone = Debug|Windows Phone
		Debug|x64 = Debug|x64
		Debug|x86 = Debug|x86
		Release|Any CPU = Release|Any CPU
		Release|ARM = Release|ARM
		Release|Mixed Platforms = Release|Mixed Platforms
		Release|Windows Phone = Release|Windows Phone
		Release|x64 = Release|x64
		Release|x86 = Release|x86
	EndGlobalSection
	GlobalSection(ProjectConfigurationPlatforms) = postSolution
		{E2B3F570-B531-41A0-A1C5-C1AFB1E9D12A}.Debug|Any CPU.ActiveCfg = Debug|Windows Phone
		{E2B3F570-B531-41A0-A1C5-C1AFB1E9D12A}.Debug|ARM.ActiveCfg = Debug|Windows Phone
		{E2B3F570-B531-41A0-A1C5-C1AFB1E9D12A}.Debug|Mixed Platforms.ActiveCfg = Debug|Windows Phone
		{E2B3F570-B531-41A0-A1C5-C1AFB1E9D12A}.Debug|Mixed Platforms.Build.0 = Debug|Windows Phone
		{E2B3F570-B531-41A0-A1C5-C1AFB1E9D12A}.Debug|Mixed Platforms.Deploy.0 = Debug|Windows Phone
		{E2B3F570-B531-41A0-A1C5-C1AFB1E9D12A}.Debug|Windows Phone.ActiveCfg = Debug|Windows Phone
		{E2B3F570-B531-41A0-A1C5-C1AFB1E9D12A}.Debug|Windows Phone.Build.0 = Debug|Windows Phone
		{E2B3F570-B531-41A0-A1C5-C1AFB1E9D12A}.Debug|Windows Phone.Deploy.0 = Debug|Windows Phone
		{E2B3F570-B531-41A0-A1C5-C1AFB1E9D12A}.Debug|x64.ActiveCfg = Debug|Windows Phone
		{E2B3F570-B531-41A0-A1C5-C1AFB1E9D12A}.Debug|x86.ActiveCfg = Debug|Windows Phone
		{E2B3F570-B531-41A0-A1C5-C1AFB1E9D12A}.Release|Any CPU.ActiveCfg = Release|Windows Phone
		{E2B3F570-B531-41A0-A1C5-C1AFB1E9D12A}.Release|ARM.ActiveCfg = Release|Windows Phone
		{E2B3F570-B531-41A0-A1C5-C1AFB1E9D12A}.Release|Mixed Platforms.ActiveCfg = Release|Windows Phone
		{E2B3F570-B531-41A0-A1C5-C1AFB1E9D12A}.Release|Mixed Platforms.Build.0 = Release|Windows Phone
		{E2B3F570-B531-41A0-A1C5-C1AFB1E9D12A}.Release|Mixed Platforms.Deploy.0 = Release|Windows Phone
		{E2B3F570-B531-41A0-A1C5-C1AFB1E9D12A}.Release|Windows Phone.ActiveCfg = Release|Windows Phone
		{E2B3F570-B531-41A0-A1C5-C1AFB1E9D12A}.Release|Windows Phone.Build.0 = Release|Windows Phone
		{E2B3F570-B531-41A0-A1C5-C1AFB1E9D12A}.Release|Windows Phone.Deploy.0 = Release|Windows Phone
		{E2B3F570-B531-41A0-A1C5-C1AFB1E9D12A}.Release|x64.ActiveCfg = Release|Windows Phone
		{E2B3F570-B531-41A0-A1C5-C1AFB1E9D12A}.Release|x86.ActiveCfg = Release|Windows Phone
		{208C82E7-20CB-4FDA-B8E5-B76459D3F996}.Debug|Any CPU.ActiveCfg = Debug|Any CPU
		{208C82E7-20CB-4FDA-B8E5-B76459D3F996}.Debug|ARM.ActiveCfg = Debug|Any CPU
		{208C82E7-20CB-4FDA-B8E5-B76459D3F996}.Debug|Mixed Platforms.ActiveCfg = Debug|Any CPU
		{208C82E7-20CB-4FDA-B8E5-B76459D3F996}.Debug|Windows Phone.ActiveCfg = Debug|Any CPU
		{208C82E7-20CB-4FDA-B8E5-B76459D3F996}.Debug|x64.ActiveCfg = Debug|Any CPU
		{208C82E7-20CB-4FDA-B8E5-B76459D3F996}.Debug|x86.ActiveCfg = Debug|Any CPU
		{208C82E7-20CB-4FDA-B8E5-B76459D3F996}.Release|Any CPU.ActiveCfg = Debug|Any CPU
		{208C82E7-20CB-4FDA-B8E5-B76459D3F996}.Release|ARM.ActiveCfg = Debug|Any CPU
		{208C82E7-20CB-4FDA-B8E5-B76459D3F996}.Release|Mixed Platforms.ActiveCfg = Debug|Any CPU
		{208C82E7-20CB-4FDA-B8E5-B76459D3F996}.Release|Windows Phone.ActiveCfg = Debug|Any CPU
		{208C82E7-20CB-4FDA-B8E5-B76459D3F996}.Release|x64.ActiveCfg = Debug|Any CPU
		{208C82E7-20CB-4FDA-B8E5-B76459D3F996}.Release|x86.ActiveCfg = Debug|Any CPU
		{09FA048F-F6A1-4611-8765-6FD6A9792136}.Debug|Any CPU.ActiveCfg = Debug|Windows Phone
		{09FA048F-F6A1-4611-8765-6FD6A9792136}.Debug|ARM.ActiveCfg = Debug|Windows Phone
		{09FA048F-F6A1-4611-8765-6FD6A9792136}.Debug|Mixed Platforms.ActiveCfg = Debug|Windows Phone
		{09FA048F-F6A1-4611-8765-6FD6A9792136}.Debug|Mixed Platforms.Build.0 = Debug|Windows Phone
		{09FA048F-F6A1-4611-8765-6FD6A9792136}.Debug|Windows Phone.ActiveCfg = Debug|Windows Phone
		{09FA048F-F6A1-4611-8765-6FD6A9792136}.Debug|Windows Phone.Build.0 = Debug|Windows Phone
		{09FA048F-F6A1-4611-8765-6FD6A9792136}.Debug|x64.ActiveCfg = Debug|Windows Phone
		{09FA048F-F6A1-4611-8765-6FD6A9792136}.Debug|x86.ActiveCfg = Debug|Windows Phone
		{09FA048F-F6A1-4611-8765-6FD6A9792136}.Release|Any CPU.ActiveCfg = Release|Windows Phone
		{09FA048F-F6A1-4611-8765-6FD6A9792136}.Release|ARM.ActiveCfg = Release|Windows Phone
		{09FA048F-F6A1-4611-8765-6FD6A9792136}.Release|Mixed Platforms.ActiveCfg = Release|Windows Phone
		{09FA048F-F6A1-4611-8765-6FD6A9792136}.Release|Mixed Platforms.Build.0 = Release|Windows Phone
		{09FA048F-F6A1-4611-8765-6FD6A9792136}.Release|Windows Phone.ActiveCfg = Release|Windows Phone
		{09FA048F-F6A1-4611-8765-6FD6A9792136}.Release|Windows Phone.Build.0 = Release|Windows Phone
		{09FA048F-F6A1-4611-8765-6FD6A9792136}.Release|x64.ActiveCfg = Release|Windows Phone
		{09FA048F-F6A1-4611-8765-6FD6A9792136}.Release|x86.ActiveCfg = Release|Windows Phone
		{73AE0F55-4559-4F4A-9D84-819B63951AB3}.Debug|Any CPU.ActiveCfg = Debug|x86
		{73AE0F55-4559-4F4A-9D84-819B63951AB3}.Debug|Any CPU.Build.0 = Debug|x86
		{73AE0F55-4559-4F4A-9D84-819B63951AB3}.Debug|ARM.ActiveCfg = Debug|x86
		{73AE0F55-4559-4F4A-9D84-819B63951AB3}.Debug|ARM.Build.0 = Debug|x86
		{73AE0F55-4559-4F4A-9D84-819B63951AB3}.Debug|Mixed Platforms.ActiveCfg = Debug|x86
		{73AE0F55-4559-4F4A-9D84-819B63951AB3}.Debug|Mixed Platforms.Build.0 = Debug|x86
		{73AE0F55-4559-4F4A-9D84-819B63951AB3}.Debug|Windows Phone.ActiveCfg = Debug|x86
		{73AE0F55-4559-4F4A-9D84-819B63951AB3}.Debug|Windows Phone.Build.0 = Debug|x86
		{73AE0F55-4559-4F4A-9D84-819B63951AB3}.Debug|x64.ActiveCfg = Debug|x86
		{73AE0F55-4559-4F4A-9D84-819B63951AB3}.Debug|x64.Build.0 = Debug|x86
		{73AE0F55-4559-4F4A-9D84-819B63951AB3}.Debug|x86.ActiveCfg = Debug|x86
		{73AE0F55-4559-4F4A-9D84-819B63951AB3}.Debug|x86.Build.0 = Debug|x86
		{73AE0F55-4559-4F4A-9D84-819B63951AB3}.Release|Any CPU.ActiveCfg = Release|x86
		{73AE0F55-4559-4F4A-9D84-819B63951AB3}.Release|Any CPU.Build.0 = Release|x86
		{73AE0F55-4559-4F4A-9D84-819B63951AB3}.Release|ARM.ActiveCfg = Release|x86
		{73AE0F55-4559-4F4A-9D84-819B63951AB3}.Release|ARM.Build.0 = Release|x86
		{73AE0F55-4559-4F4A-9D84-819B63951AB3}.Release|Mixed Platforms.ActiveCfg = Release|x86
		{73AE0F55-4559-4F4A-9D84-819B63951AB3}.Release|Mixed Platforms.Build.0 = Release|x86
		{73AE0F55-4559-4F4A-9D84-819B63951AB3}.Release|Windows Phone.ActiveCfg = Release|x86
		{73AE0F55-4559-4F4A-9D84-819B63951AB3}.Release|Windows Phone.Build.0 = Release|x86
		{73AE0F55-4559-4F4A-9D84-819B63951AB3}.Release|x64.ActiveCfg = Release|x86
		{73AE0F55-4559-4F4A-9D84-819B63951AB3}.Release|x64.Build.0 = Release|x86
		{73AE0F55-4559-4F4A-9D84-819B63951AB3}.Release|x86.ActiveCfg = Release|x86
		{73AE0F55-4559-4F4A-9D84-819B63951AB3}.Release|x86.Build.0 = Release|x86
		{F311C413-E175-485E-8A93-799AB971CA09}.Debug|Any CPU.ActiveCfg = Debug|Any CPU
		{F311C413-E175-485E-8A93-799AB971CA09}.Debug|Any CPU.Build.0 = Debug|Any CPU
		{F311C413-E175-485E-8A93-799AB971CA09}.Debug|ARM.ActiveCfg = Debug|Any CPU
		{F311C413-E175-485E-8A93-799AB971CA09}.Debug|Mixed Platforms.ActiveCfg = Debug|Any CPU
		{F311C413-E175-485E-8A93-799AB971CA09}.Debug|Mixed Platforms.Build.0 = Debug|Any CPU
		{F311C413-E175-485E-8A93-799AB971CA09}.Debug|Windows Phone.ActiveCfg = Debug|Any CPU
		{F311C413-E175-485E-8A93-799AB971CA09}.Debug|x64.ActiveCfg = Debug|Any CPU
		{F311C413-E175-485E-8A93-799AB971CA09}.Debug|x86.ActiveCfg = Debug|Any CPU
		{F311C413-E175-485E-8A93-799AB971CA09}.Release|Any CPU.ActiveCfg = Release|Any CPU
		{F311C413-E175-485E-8A93-799AB971CA09}.Release|Any CPU.Build.0 = Release|Any CPU
		{F311C413-E175-485E-8A93-799AB971CA09}.Release|ARM.ActiveCfg = Release|Any CPU
		{F311C413-E175-485E-8A93-799AB971CA09}.Release|Mixed Platforms.ActiveCfg = Release|Any CPU
		{F311C413-E175-485E-8A93-799AB971CA09}.Release|Mixed Platforms.Build.0 = Release|Any CPU
		{F311C413-E175-485E-8A93-799AB971CA09}.Release|Windows Phone.ActiveCfg = Release|Any CPU
		{F311C413-E175-485E-8A93-799AB971CA09}.Release|x64.ActiveCfg = Release|Any CPU
		{F311C413-E175-485E-8A93-799AB971CA09}.Release|x86.ActiveCfg = Release|Any CPU
		{8F84E829-0A88-4758-9C0D-FAABD6415968}.Debug|Any CPU.ActiveCfg = Debug|Any CPU
		{8F84E829-0A88-4758-9C0D-FAABD6415968}.Debug|Any CPU.Build.0 = Debug|Any CPU
		{8F84E829-0A88-4758-9C0D-FAABD6415968}.Debug|ARM.ActiveCfg = Debug|Any CPU
		{8F84E829-0A88-4758-9C0D-FAABD6415968}.Debug|Mixed Platforms.ActiveCfg = Debug|Any CPU
		{8F84E829-0A88-4758-9C0D-FAABD6415968}.Debug|Mixed Platforms.Build.0 = Debug|Any CPU
		{8F84E829-0A88-4758-9C0D-FAABD6415968}.Debug|Windows Phone.ActiveCfg = Debug|Any CPU
		{8F84E829-0A88-4758-9C0D-FAABD6415968}.Debug|x64.ActiveCfg = Debug|Any CPU
		{8F84E829-0A88-4758-9C0D-FAABD6415968}.Debug|x86.ActiveCfg = Debug|Any CPU
		{8F84E829-0A88-4758-9C0D-FAABD6415968}.Release|Any CPU.ActiveCfg = Release|Any CPU
		{8F84E829-0A88-4758-9C0D-FAABD6415968}.Release|Any CPU.Build.0 = Release|Any CPU
		{8F84E829-0A88-4758-9C0D-FAABD6415968}.Release|ARM.ActiveCfg = Release|Any CPU
		{8F84E829-0A88-4758-9C0D-FAABD6415968}.Release|Mixed Platforms.ActiveCfg = Release|Any CPU
		{8F84E829-0A88-4758-9C0D-FAABD6415968}.Release|Mixed Platforms.Build.0 = Release|Any CPU
		{8F84E829-0A88-4758-9C0D-FAABD6415968}.Release|Windows Phone.ActiveCfg = Release|Any CPU
		{8F84E829-0A88-4758-9C0D-FAABD6415968}.Release|x64.ActiveCfg = Release|Any CPU
		{8F84E829-0A88-4758-9C0D-FAABD6415968}.Release|x86.ActiveCfg = Release|Any CPU
		{3F3D20EF-64E2-42C1-B825-F5C21A1F5112}.Debug|Any CPU.ActiveCfg = Debug|Any CPU
		{3F3D20EF-64E2-42C1-B825-F5C21A1F5112}.Debug|Any CPU.Build.0 = Debug|Any CPU
		{3F3D20EF-64E2-42C1-B825-F5C21A1F5112}.Debug|Any CPU.Deploy.0 = Debug|Any CPU
		{3F3D20EF-64E2-42C1-B825-F5C21A1F5112}.Debug|ARM.ActiveCfg = Debug|ARM
		{3F3D20EF-64E2-42C1-B825-F5C21A1F5112}.Debug|ARM.Build.0 = Debug|ARM
		{3F3D20EF-64E2-42C1-B825-F5C21A1F5112}.Debug|ARM.Deploy.0 = Debug|ARM
		{3F3D20EF-64E2-42C1-B825-F5C21A1F5112}.Debug|Mixed Platforms.ActiveCfg = Debug|Any CPU
		{3F3D20EF-64E2-42C1-B825-F5C21A1F5112}.Debug|Mixed Platforms.Build.0 = Debug|Any CPU
		{3F3D20EF-64E2-42C1-B825-F5C21A1F5112}.Debug|Mixed Platforms.Deploy.0 = Debug|Any CPU
		{3F3D20EF-64E2-42C1-B825-F5C21A1F5112}.Debug|Windows Phone.ActiveCfg = Debug|Any CPU
		{3F3D20EF-64E2-42C1-B825-F5C21A1F5112}.Debug|x64.ActiveCfg = Debug|x64
		{3F3D20EF-64E2-42C1-B825-F5C21A1F5112}.Debug|x64.Build.0 = Debug|x64
		{3F3D20EF-64E2-42C1-B825-F5C21A1F5112}.Debug|x64.Deploy.0 = Debug|x64
		{3F3D20EF-64E2-42C1-B825-F5C21A1F5112}.Debug|x86.ActiveCfg = Debug|x86
		{3F3D20EF-64E2-42C1-B825-F5C21A1F5112}.Debug|x86.Build.0 = Debug|x86
		{3F3D20EF-64E2-42C1-B825-F5C21A1F5112}.Debug|x86.Deploy.0 = Debug|x86
		{3F3D20EF-64E2-42C1-B825-F5C21A1F5112}.Release|Any CPU.ActiveCfg = Release|Any CPU
		{3F3D20EF-64E2-42C1-B825-F5C21A1F5112}.Release|Any CPU.Build.0 = Release|Any CPU
		{3F3D20EF-64E2-42C1-B825-F5C21A1F5112}.Release|Any CPU.Deploy.0 = Release|Any CPU
		{3F3D20EF-64E2-42C1-B825-F5C21A1F5112}.Release|ARM.ActiveCfg = Release|ARM
		{3F3D20EF-64E2-42C1-B825-F5C21A1F5112}.Release|ARM.Build.0 = Release|ARM
		{3F3D20EF-64E2-42C1-B825-F5C21A1F5112}.Release|ARM.Deploy.0 = Release|ARM
		{3F3D20EF-64E2-42C1-B825-F5C21A1F5112}.Release|Mixed Platforms.ActiveCfg = Release|x86
		{3F3D20EF-64E2-42C1-B825-F5C21A1F5112}.Release|Mixed Platforms.Build.0 = Release|x86
		{3F3D20EF-64E2-42C1-B825-F5C21A1F5112}.Release|Mixed Platforms.Deploy.0 = Release|x86
		{3F3D20EF-64E2-42C1-B825-F5C21A1F5112}.Release|Windows Phone.ActiveCfg = Release|Any CPU
		{3F3D20EF-64E2-42C1-B825-F5C21A1F5112}.Release|x64.ActiveCfg = Release|x64
		{3F3D20EF-64E2-42C1-B825-F5C21A1F5112}.Release|x64.Build.0 = Release|x64
		{3F3D20EF-64E2-42C1-B825-F5C21A1F5112}.Release|x64.Deploy.0 = Release|x64
		{3F3D20EF-64E2-42C1-B825-F5C21A1F5112}.Release|x86.ActiveCfg = Release|x86
		{3F3D20EF-64E2-42C1-B825-F5C21A1F5112}.Release|x86.Build.0 = Release|x86
		{3F3D20EF-64E2-42C1-B825-F5C21A1F5112}.Release|x86.Deploy.0 = Release|x86
		{44FAB0AC-73C8-459D-AAF8-2257C4BAF5F4}.Debug|Any CPU.ActiveCfg = Debug|Any CPU
		{44FAB0AC-73C8-459D-AAF8-2257C4BAF5F4}.Debug|Any CPU.Build.0 = Debug|Any CPU
		{44FAB0AC-73C8-459D-AAF8-2257C4BAF5F4}.Debug|ARM.ActiveCfg = Debug|ARM
		{44FAB0AC-73C8-459D-AAF8-2257C4BAF5F4}.Debug|ARM.Build.0 = Debug|ARM
		{44FAB0AC-73C8-459D-AAF8-2257C4BAF5F4}.Debug|Mixed Platforms.ActiveCfg = Debug|Any CPU
		{44FAB0AC-73C8-459D-AAF8-2257C4BAF5F4}.Debug|Mixed Platforms.Build.0 = Debug|Any CPU
		{44FAB0AC-73C8-459D-AAF8-2257C4BAF5F4}.Debug|Windows Phone.ActiveCfg = Debug|Any CPU
		{44FAB0AC-73C8-459D-AAF8-2257C4BAF5F4}.Debug|x64.ActiveCfg = Debug|x64
		{44FAB0AC-73C8-459D-AAF8-2257C4BAF5F4}.Debug|x64.Build.0 = Debug|x64
		{44FAB0AC-73C8-459D-AAF8-2257C4BAF5F4}.Debug|x86.ActiveCfg = Debug|x86
		{44FAB0AC-73C8-459D-AAF8-2257C4BAF5F4}.Debug|x86.Build.0 = Debug|x86
		{44FAB0AC-73C8-459D-AAF8-2257C4BAF5F4}.Release|Any CPU.ActiveCfg = Release|Any CPU
		{44FAB0AC-73C8-459D-AAF8-2257C4BAF5F4}.Release|Any CPU.Build.0 = Release|Any CPU
		{44FAB0AC-73C8-459D-AAF8-2257C4BAF5F4}.Release|ARM.ActiveCfg = Release|ARM
		{44FAB0AC-73C8-459D-AAF8-2257C4BAF5F4}.Release|ARM.Build.0 = Release|ARM
		{44FAB0AC-73C8-459D-AAF8-2257C4BAF5F4}.Release|Mixed Platforms.ActiveCfg = Release|x86
		{44FAB0AC-73C8-459D-AAF8-2257C4BAF5F4}.Release|Mixed Platforms.Build.0 = Release|x86
		{44FAB0AC-73C8-459D-AAF8-2257C4BAF5F4}.Release|Windows Phone.ActiveCfg = Release|Any CPU
		{44FAB0AC-73C8-459D-AAF8-2257C4BAF5F4}.Release|x64.ActiveCfg = Release|x64
		{44FAB0AC-73C8-459D-AAF8-2257C4BAF5F4}.Release|x64.Build.0 = Release|x64
		{44FAB0AC-73C8-459D-AAF8-2257C4BAF5F4}.Release|x86.ActiveCfg = Release|x86
		{44FAB0AC-73C8-459D-AAF8-2257C4BAF5F4}.Release|x86.Build.0 = Release|x86
	EndGlobalSection
	GlobalSection(SolutionProperties) = preSolution
		HideSolutionNode = FALSE
	EndGlobalSection
	GlobalSection(NestedProjects) = preSolution
		{09FA048F-F6A1-4611-8765-6FD6A9792136} = {5A8597CF-B7F2-4CD3-A685-2389C88B3A05}
		{73AE0F55-4559-4F4A-9D84-819B63951AB3} = {5A8597CF-B7F2-4CD3-A685-2389C88B3A05}
		{F311C413-E175-485E-8A93-799AB971CA09} = {5A8597CF-B7F2-4CD3-A685-2389C88B3A05}
		{44FAB0AC-73C8-459D-AAF8-2257C4BAF5F4} = {5A8597CF-B7F2-4CD3-A685-2389C88B3A05}
	EndGlobalSection
EndGlobal
